<?xml version="1.0" encoding="utf-8"?>
<Project ToolsVersion="4.0" xmlns="http://schemas.microsoft.com/developer/msbuild/2003">
  <ItemGroup>
    <Filter Include="Source Files">
      <UniqueIdentifier>{4FC737F1-C7A5-4376-A066-2A32D752A2FF}</UniqueIdentifier>
      <Extensions>cpp;c;cc;cxx;def;odl;idl;hpj;bat;asm;asmx</Extensions>
    </Filter>
    <Filter Include="Header Files">
      <UniqueIdentifier>{93995380-89BD-4b04-88EB-625FBE52EBFB}</UniqueIdentifier>
      <Extensions>h;hh;hpp;hxx;hm;inl;inc;xsd</Extensions>
    </Filter>
    <Filter Include="Resource Files">
      <UniqueIdentifier>{67DA6AB6-F800-4c08-8B7A-83BB121AAD01}</UniqueIdentifier>
      <Extensions>rc;ico;cur;bmp;dlg;rc2;rct;bin;rgs;gif;jpg;jpeg;jpe;resx;tiff;tif;png;wav;mfcribbon-ms</Extensions>
    </Filter>
    <Filter Include="Generated Files">
      <UniqueIdentifier>{eee62c21-4a27-4d1f-8df5-f251b33fa4fd}</UniqueIdentifier>
      <SourceControlFiles>False</SourceControlFiles>
    </Filter>
  </ItemGroup>
  <ItemGroup>
    <ClCompile Include="stdafx.cpp">
      <Filter>Source Files</Filter>
    </ClCompile>
    <ClCompile Include="ItSoftware.NCF.IO.cpp">
      <Filter>Source Files</Filter>
    </ClCompile>
    <ClCompile Include="dllmain.cpp">
      <Filter>Source Files</Filter>
    </ClCompile>
    <ClCompile Include="xdlldata.c">
      <Filter>Source Files</Filter>
    </ClCompile>
    <ClCompile Include="ItSoftwareNCFIO_i.c">
      <Filter>Generated Files</Filter>
    </ClCompile>
    <ClCompile Include="CNCFDirectory.cpp">
      <Filter>Source Files</Filter>
    </ClCompile>
    <ClCompile Include="CNCFFile.cpp">
      <Filter>Source Files</Filter>
    </ClCompile>
    <ClCompile Include="CNCFFileStream.cpp">
      <Filter>Source Files</Filter>
    </ClCompile>
    <ClCompile Include="CNCFMemoryStream.cpp">
      <Filter>Source Files</Filter>
    </ClCompile>
    <ClCompile Include="CNCFNetwork.cpp">
      <Filter>Source Files</Filter>
    </ClCompile>
    <ClCompile Include="CNCFNetworkResource.cpp">
      <Filter>Source Files</Filter>
    </ClCompile>
    <ClCompile Include="CNCFNetworkShare.cpp">
      <Filter>Source Files</Filter>
    </ClCompile>
    <ClCompile Include="CNCFPath.cpp">
      <Filter>Source Files</Filter>
    </ClCompile>
    <ClCompile Include="CNCFStringStream.cpp">
      <Filter>Source Files</Filter>
    </ClCompile>
    <ClCompile Include="CNCFUrl.cpp">
      <Filter>Source Files</Filter>
    </ClCompile>
  </ItemGroup>
  <ItemGroup>
    <ClInclude Include="stdafx.h">
      <Filter>Header Files</Filter>
    </ClInclude>
    <ClInclude Include="targetver.h">
      <Filter>Header Files</Filter>
    </ClInclude>
    <ClInclude Include="Resource.h">
      <Filter>Header Files</Filter>
    </ClInclude>
    <ClInclude Include="dllmain.h">
      <Filter>Header Files</Filter>
    </ClInclude>
    <ClInclude Include="xdlldata.h">
      <Filter>Header Files</Filter>
    </ClInclude>
    <ClInclude Include="ItSoftwareNCFIO_i.h">
      <Filter>Generated Files</Filter>
    </ClInclude>
    <ClInclude Include="CNCFDirectory.h">
      <Filter>Header Files</Filter>
    </ClInclude>
    <ClInclude Include="CNCFFile.h">
      <Filter>Header Files</Filter>
    </ClInclude>
    <ClInclude Include="CNCFFileStream.h">
      <Filter>Header Files</Filter>
    </ClInclude>
    <ClInclude Include="CNCFMemoryStream.h">
      <Filter>Header Files</Filter>
    </ClInclude>
    <ClInclude Include="CNCFNetwork.h">
      <Filter>Header Files</Filter>
    </ClInclude>
    <ClInclude Include="CNCFNetworkResource.h">
      <Filter>Header Files</Filter>
    </ClInclude>
    <ClInclude Include="CNCFNetworkShare.h">
      <Filter>Header Files</Filter>
    </ClInclude>
    <ClInclude Include="CNCFPath.h">
      <Filter>Header Files</Filter>
    </ClInclude>
    <ClInclude Include="CNCFStringStream.h">
      <Filter>Header Files</Filter>
    </ClInclude>
    <ClInclude Include="CNCFUrl.h">
      <Filter>Header Files</Filter>
    </ClInclude>
  </ItemGroup>
  <ItemGroup>
    <ResourceCompile Include="ItSoftware.NCF.IO.rc">
      <Filter>Resource Files</Filter>
    </ResourceCompile>
  </ItemGroup>
  <ItemGroup>
    <Text Include="ReadMe.txt" />
  </ItemGroup>
  <ItemGroup>
    <None Include="ItSoftware.NCF.IO.rgs">
      <Filter>Resource Files</Filter>
    </None>
    <None Include="ItSoftware.NCF.IO.def">
      <Filter>Source Files</Filter>
    </None>
    <None Include="CNCFDirectory.rgs">
      <Filter>Resource Files</Filter>
    </None>
    <None Include="CNCFFile.rgs">
      <Filter>Resource Files</Filter>
    </None>
    <None Include="CNCFFileStream.rgs">
      <Filter>Resource Files</Filter>
    </None>
    <None Include="CNCFMemoryStream.rgs">
      <Filter>Resource Files</Filter>
    </None>
    <None Include="CNCFNetwork.rgs">
      <Filter>Resource Files</Filter>
    </None>
    <None Include="CNCFNetworkResource.rgs">
      <Filter>Resource Files</Filter>
    </None>
    <None Include="CNCFNetworkShare.rgs">
      <Filter>Resource Files</Filter>
    </None>
    <None Include="CNCFPath.rgs">
      <Filter>Resource Files</Filter>
    </None>
    <None Include="CNCFStringStream.rgs">
      <Filter>Resource Files</Filter>
    </None>
    <None Include="CNCFUrl.rgs">
      <Filter>Resource Files</Filter>
    </None>
    <None Include="registry.bin">
      <Filter>Resource Files</Filter>
    </None>
  </ItemGroup>
  <ItemGroup>
    <Midl Include="ItSoftwareNCFIO.idl">
      <Filter>Source Files</Filter>
    </Midl>
  </ItemGroup>
</Project>