<?xml version="1.0" encoding="utf-8"?>
<Project ToolsVersion="4.0" xmlns="http://schemas.microsoft.com/developer/msbuild/2003">
  <ItemGroup>
    <Filter Include="Source Files">
      <UniqueIdentifier>{4FC737F1-C7A5-4376-A066-2A32D752A2FF}</UniqueIdentifier>
      <Extensions>cpp;c;cc;cxx;def;odl;idl;hpj;bat;asm;asmx</Extensions>
    </Filter>
    <Filter Include="Header Files">
      <UniqueIdentifier>{93995380-89BD-4b04-88EB-625FBE52EBFB}</UniqueIdentifier>
      <Extensions>h;hh;hpp;hxx;hm;inl;inc;xsd</Extensions>
    </Filter>
    <Filter Include="Resource Files">
      <UniqueIdentifier>{67DA6AB6-F800-4c08-8B7A-83BB121AAD01}</UniqueIdentifier>
      <Extensions>rc;ico;cur;bmp;dlg;rc2;rct;bin;rgs;gif;jpg;jpeg;jpe;resx;tiff;tif;png;wav;mfcribbon-ms</Extensions>
    </Filter>
    <Filter Include="Generated Files">
      <UniqueIdentifier>{c656277d-43ba-4f34-91e3-b4634f6408b6}</UniqueIdentifier>
      <SourceControlFiles>False</SourceControlFiles>
    </Filter>
  </ItemGroup>
  <ItemGroup>
    <ClCompile Include="stdafx.cpp">
      <Filter>Source Files</Filter>
    </ClCompile>
    <ClCompile Include="ItSoftware.NCF.Audio.cpp">
      <Filter>Source Files</Filter>
    </ClCompile>
    <ClCompile Include="dllmain.cpp">
      <Filter>Source Files</Filter>
    </ClCompile>
    <ClCompile Include="xdlldata.c">
      <Filter>Source Files</Filter>
    </ClCompile>
    <ClCompile Include="ItSoftwareNCFAudio_i.c">
      <Filter>Generated Files</Filter>
    </ClCompile>
    <ClCompile Include="CNCFAacEncoder.cpp">
      <Filter>Source Files</Filter>
    </ClCompile>
    <ClCompile Include="CNCFAacTag.cpp">
      <Filter>Source Files</Filter>
    </ClCompile>
    <ClCompile Include="CNCFAudioCD.cpp">
      <Filter>Source Files</Filter>
    </ClCompile>
    <ClCompile Include="CNCFAudioPlayer.cpp">
      <Filter>Source Files</Filter>
    </ClCompile>
    <ClCompile Include="CNCFEncoderParams.cpp">
      <Filter>Source Files</Filter>
    </ClCompile>
    <ClCompile Include="CNCFMp3Encoder.cpp">
      <Filter>Source Files</Filter>
    </ClCompile>
    <ClCompile Include="CNCFMp3Genre.cpp">
      <Filter>Source Files</Filter>
    </ClCompile>
    <ClCompile Include="CNCFMp3Tag.cpp">
      <Filter>Source Files</Filter>
    </ClCompile>
    <ClCompile Include="CNCFWavEncoder.cpp">
      <Filter>Source Files</Filter>
    </ClCompile>
    <ClCompile Include="CNCFWmaEncoder.cpp">
      <Filter>Source Files</Filter>
    </ClCompile>
    <ClCompile Include="CNCFWmaTag.cpp">
      <Filter>Source Files</Filter>
    </ClCompile>
  </ItemGroup>
  <ItemGroup>
    <ClInclude Include="stdafx.h">
      <Filter>Header Files</Filter>
    </ClInclude>
    <ClInclude Include="targetver.h">
      <Filter>Header Files</Filter>
    </ClInclude>
    <ClInclude Include="Resource.h">
      <Filter>Header Files</Filter>
    </ClInclude>
    <ClInclude Include="dllmain.h">
      <Filter>Header Files</Filter>
    </ClInclude>
    <ClInclude Include="xdlldata.h">
      <Filter>Header Files</Filter>
    </ClInclude>
    <ClInclude Include="ItSoftwareNCFAudio_i.h">
      <Filter>Generated Files</Filter>
    </ClInclude>
    <ClInclude Include="CNCFAacEncoder.h">
      <Filter>Header Files</Filter>
    </ClInclude>
    <ClInclude Include="CNCFAacTag.h">
      <Filter>Header Files</Filter>
    </ClInclude>
    <ClInclude Include="CNCFAudioCD.h">
      <Filter>Header Files</Filter>
    </ClInclude>
    <ClInclude Include="CNCFAudioPlayer.h">
      <Filter>Header Files</Filter>
    </ClInclude>
    <ClInclude Include="CNCFEncoderParams.h">
      <Filter>Header Files</Filter>
    </ClInclude>
    <ClInclude Include="CNCFMp3Encoder.h">
      <Filter>Header Files</Filter>
    </ClInclude>
    <ClInclude Include="CNCFMp3Genre.h">
      <Filter>Header Files</Filter>
    </ClInclude>
    <ClInclude Include="CNCFMp3Tag.h">
      <Filter>Header Files</Filter>
    </ClInclude>
    <ClInclude Include="CNCFWavEncoder.h">
      <Filter>Header Files</Filter>
    </ClInclude>
    <ClInclude Include="CNCFWmaEncoder.h">
      <Filter>Header Files</Filter>
    </ClInclude>
    <ClInclude Include="CNCFWmaTag.h">
      <Filter>Header Files</Filter>
    </ClInclude>
    <ClInclude Include="CSession.h">
      <Filter>Header Files</Filter>
    </ClInclude>
    <ClInclude Include="CEncoder.h">
      <Filter>Header Files</Filter>
    </ClInclude>
    <ClInclude Include="aspi32.h">
      <Filter>Header Files</Filter>
    </ClInclude>
    <ClInclude Include="scsidefs.h">
      <Filter>Header Files</Filter>
    </ClInclude>
  </ItemGroup>
  <ItemGroup>
    <ResourceCompile Include="ItSoftware.NCF.Audio.rc">
      <Filter>Resource Files</Filter>
    </ResourceCompile>
  </ItemGroup>
  <ItemGroup>
    <Text Include="ReadMe.txt" />
  </ItemGroup>
  <ItemGroup>
    <None Include="ItSoftware.NCF.Audio.rgs">
      <Filter>Resource Files</Filter>
    </None>
    <None Include="ItSoftware.NCF.Audio.def">
      <Filter>Source Files</Filter>
    </None>
    <None Include="CNCFAacEncoder.rgs">
      <Filter>Resource Files</Filter>
    </None>
    <None Include="CNCFAacTag.rgs">
      <Filter>Resource Files</Filter>
    </None>
    <None Include="CNCFAudioCD.rgs">
      <Filter>Resource Files</Filter>
    </None>
    <None Include="CNCFAudioPlayer.rgs">
      <Filter>Resource Files</Filter>
    </None>
    <None Include="CNCFEncoderParams.rgs">
      <Filter>Resource Files</Filter>
    </None>
    <None Include="CNCFMp3Encoder.rgs">
      <Filter>Resource Files</Filter>
    </None>
    <None Include="CNCFMp3Genre.rgs">
      <Filter>Resource Files</Filter>
    </None>
    <None Include="CNCFMp3Tag.rgs">
      <Filter>Resource Files</Filter>
    </None>
    <None Include="CNCFWavEncoder.rgs">
      <Filter>Resource Files</Filter>
    </None>
    <None Include="CNCFWmaEncoder.rgs">
      <Filter>Resource Files</Filter>
    </None>
    <None Include="CNCFWmaTag.rgs">
      <Filter>Resource Files</Filter>
    </None>
  </ItemGroup>
  <ItemGroup>
    <Midl Include="ItSoftwareNCFAudio.idl">
      <Filter>Source Files</Filter>
    </Midl>
  </ItemGroup>
</Project>